
Microsoft Visual Studio Solution File, Format Version 12.00
# Visual Studio 15
Project("{FAE04EC0-301F-11D3-BF4B-00C04F79EFBC}") = "Assembly-CSharp", "Assembly-CSharp.csproj", "{A5FFCEA3-0094-A6D9-31BD-2A57C2B5734C}"
EndProject
Project("{FAE04EC0-301F-11D3-BF4B-00C04F79EFBC}") = "Assembly-CSharp-Editor", "Assembly-CSharp-Editor.csproj", "{5C6349C4-1F12-0D18-A532-74F958CE39F7}"
EndProject
Global
	GlobalSection(SolutionConfigurationPlatforms) = preSolution
		Debug|Any CPU = Debug|Any CPU
		Release|Any CPU = Release|Any CPU
	EndGlobalSection
	GlobalSection(ProjectConfigurationPlatforms) = postSolution
		{A5FFCEA3-0094-A6D9-31BD-2A57C2B5734C}.Debug|Any CPU.ActiveCfg = Debug|Any CPU
		{A5FFCEA3-0094-A6D9-31BD-2A57C2B5734C}.Debug|Any CPU.Build.0 = Debug|Any CPU
		{A5FFCEA3-0094-A6D9-31BD-2A57C2B5734C}.Release|Any CPU.ActiveCfg = Release|Any CPU
		{A5FFCEA3-0094-A6D9-31BD-2A57C2B5734C}.Release|Any CPU.Build.0 = Release|Any CPU
		{5C6349C4-1F12-0D18-A532-74F958CE39F7}.Debug|Any CPU.ActiveCfg = Debug|Any CPU
		{5C6349C4-1F12-0D18-A532-74F958CE39F7}.Debug|Any CPU.Build.0 = Debug|Any CPU
		{5C6349C4-1F12-0D18-A532-74F958CE39F7}.Release|Any CPU.ActiveCfg = Release|Any CPU
		{5C6349C4-1F12-0D18-A532-74F958CE39F7}.Release|Any CPU.Build.0 = Release|Any CPU
	EndGlobalSection
	GlobalSection(SolutionProperties) = preSolution
		HideSolutionNode = FALSE
	EndGlobalSection
EndGlobal
